
Microsoft Visual Studio Solution File, Format Version 12.00
# Visual Studio 15
VisualStudioVersion = 15.0.27428.1
MinimumVisualStudioVersion = 10.0.40219.1
Project("{FAE04EC0-301F-11D3-BF4B-00C04F79EFBC}") = "LearningInterfaceAndAbstractClassV0.3c", "LearningInterfaceAndAbstractClassV0.3c\LearningInterfaceAndAbstractClassV0.3c.csproj", "{B12135B9-5C16-4FB5-AC15-5B356B1EC842}"
EndProject
Global
	GlobalSection(SolutionConfigurationPlatforms) = preSolution
		Debug|Any CPU = Debug|Any CPU
		Release|Any CPU = Release|Any CPU
	EndGlobalSection
	GlobalSection(ProjectConfigurationPlatforms) = postSolution
		{B12135B9-5C16-4FB5-AC15-5B356B1EC842}.Debug|Any CPU.ActiveCfg = Debug|Any CPU
		{B12135B9-5C16-4FB5-AC15-5B356B1EC842}.Debug|Any CPU.Build.0 = Debug|Any CPU
		{B12135B9-5C16-4FB5-AC15-5B356B1EC842}.Release|Any CPU.ActiveCfg = Release|Any CPU
		{B12135B9-5C16-4FB5-AC15-5B356B1EC842}.Release|Any CPU.Build.0 = Release|Any CPU
	EndGlobalSection
	GlobalSection(SolutionProperties) = preSolution
		HideSolutionNode = FALSE
	EndGlobalSection
	GlobalSection(ExtensibilityGlobals) = postSolution
		SolutionGuid = {91CC2B60-FEA5-4B35-ADD9-80D9F3149B8E}
	EndGlobalSection
EndGlobal
